
Microsoft Visual Studio Solution File, Format Version 12.00
# Visual Studio Version 17
VisualStudioVersion = 17.11.35312.102
MinimumVisualStudioVersion = 10.0.40219.1
Project("{FAE04EC0-301F-11D3-BF4B-00C04F79EFBC}") = "ProductsManagement", "ProductsManagement\ProductsManagement.csproj", "{67444B28-9659-4F0A-A99F-19EE6DC65AFA}"
EndProject
Project("{2150E333-8FDC-42A3-9474-1A3956D46DE8}") = "Domain", "Domain", "{EE99A995-F385-4600-94A0-3B8B38B9EEC7}"
EndProject
Project("{2150E333-8FDC-42A3-9474-1A3956D46DE8}") = "Application", "Application", "{E52C6E94-E8CC-45F9-B1F7-9CD96DBFAEA4}"
EndProject
Project("{2150E333-8FDC-42A3-9474-1A3956D46DE8}") = "Infrastructure", "Infrastructure", "{4E5E9791-AE91-4A55-9B6A-8B86BA4CF3D7}"
EndProject
Project("{2150E333-8FDC-42A3-9474-1A3956D46DE8}") = "WebAPI", "WebAPI", "{772F4101-C314-4050-BB69-6BB068444133}"
EndProject
Project("{2150E333-8FDC-42A3-9474-1A3956D46DE8}") = "src", "src", "{382B4530-3C37-41A7-A37D-A45729ABDA9F}"
EndProject
Project("{2150E333-8FDC-42A3-9474-1A3956D46DE8}") = "tests", "tests", "{069514A6-8396-45D1-A47C-914EA3B724A2}"
EndProject
Project("{2150E333-8FDC-42A3-9474-1A3956D46DE8}") = "Integration Tests", "Integration Tests", "{86720C80-7405-4540-A360-F4B489A13D3D}"
EndProject
Project("{2150E333-8FDC-42A3-9474-1A3956D46DE8}") = "Unit Tests", "Unit Tests", "{65C49297-E81C-427E-9A0A-7AFD23FBA823}"
EndProject
Project("{FAE04EC0-301F-11D3-BF4B-00C04F79EFBC}") = "Application", "Application\Application.csproj", "{008B89E5-AE6F-47C5-B54D-4E94ACF87F9D}"
EndProject
Project("{FAE04EC0-301F-11D3-BF4B-00C04F79EFBC}") = "Domain", "Domain\Domain.csproj", "{C34ED2C6-AA01-4BC1-82B9-98BD7E5132AD}"
EndProject
Project("{FAE04EC0-301F-11D3-BF4B-00C04F79EFBC}") = "Infrastructure", "Infrastructure\Infrastructure.csproj", "{5733ED2C-357F-497F-9286-D0CA89724944}"
EndProject
Global
	GlobalSection(SolutionConfigurationPlatforms) = preSolution
		Debug|Any CPU = Debug|Any CPU
		Release|Any CPU = Release|Any CPU
	EndGlobalSection
	GlobalSection(ProjectConfigurationPlatforms) = postSolution
		{67444B28-9659-4F0A-A99F-19EE6DC65AFA}.Debug|Any CPU.ActiveCfg = Debug|Any CPU
		{67444B28-9659-4F0A-A99F-19EE6DC65AFA}.Debug|Any CPU.Build.0 = Debug|Any CPU
		{67444B28-9659-4F0A-A99F-19EE6DC65AFA}.Release|Any CPU.ActiveCfg = Release|Any CPU
		{67444B28-9659-4F0A-A99F-19EE6DC65AFA}.Release|Any CPU.Build.0 = Release|Any CPU
		{008B89E5-AE6F-47C5-B54D-4E94ACF87F9D}.Debug|Any CPU.ActiveCfg = Debug|Any CPU
		{008B89E5-AE6F-47C5-B54D-4E94ACF87F9D}.Debug|Any CPU.Build.0 = Debug|Any CPU
		{008B89E5-AE6F-47C5-B54D-4E94ACF87F9D}.Release|Any CPU.ActiveCfg = Release|Any CPU
		{008B89E5-AE6F-47C5-B54D-4E94ACF87F9D}.Release|Any CPU.Build.0 = Release|Any CPU
		{C34ED2C6-AA01-4BC1-82B9-98BD7E5132AD}.Debug|Any CPU.ActiveCfg = Debug|Any CPU
		{C34ED2C6-AA01-4BC1-82B9-98BD7E5132AD}.Debug|Any CPU.Build.0 = Debug|Any CPU
		{C34ED2C6-AA01-4BC1-82B9-98BD7E5132AD}.Release|Any CPU.ActiveCfg = Release|Any CPU
		{C34ED2C6-AA01-4BC1-82B9-98BD7E5132AD}.Release|Any CPU.Build.0 = Release|Any CPU
		{5733ED2C-357F-497F-9286-D0CA89724944}.Debug|Any CPU.ActiveCfg = Debug|Any CPU
		{5733ED2C-357F-497F-9286-D0CA89724944}.Debug|Any CPU.Build.0 = Debug|Any CPU
		{5733ED2C-357F-497F-9286-D0CA89724944}.Release|Any CPU.ActiveCfg = Release|Any CPU
		{5733ED2C-357F-497F-9286-D0CA89724944}.Release|Any CPU.Build.0 = Release|Any CPU
	EndGlobalSection
	GlobalSection(SolutionProperties) = preSolution
		HideSolutionNode = FALSE
	EndGlobalSection
	GlobalSection(NestedProjects) = preSolution
		{67444B28-9659-4F0A-A99F-19EE6DC65AFA} = {772F4101-C314-4050-BB69-6BB068444133}
		{EE99A995-F385-4600-94A0-3B8B38B9EEC7} = {382B4530-3C37-41A7-A37D-A45729ABDA9F}
		{E52C6E94-E8CC-45F9-B1F7-9CD96DBFAEA4} = {382B4530-3C37-41A7-A37D-A45729ABDA9F}
		{4E5E9791-AE91-4A55-9B6A-8B86BA4CF3D7} = {382B4530-3C37-41A7-A37D-A45729ABDA9F}
		{772F4101-C314-4050-BB69-6BB068444133} = {382B4530-3C37-41A7-A37D-A45729ABDA9F}
		{86720C80-7405-4540-A360-F4B489A13D3D} = {069514A6-8396-45D1-A47C-914EA3B724A2}
		{65C49297-E81C-427E-9A0A-7AFD23FBA823} = {069514A6-8396-45D1-A47C-914EA3B724A2}
		{008B89E5-AE6F-47C5-B54D-4E94ACF87F9D} = {E52C6E94-E8CC-45F9-B1F7-9CD96DBFAEA4}
		{C34ED2C6-AA01-4BC1-82B9-98BD7E5132AD} = {EE99A995-F385-4600-94A0-3B8B38B9EEC7}
		{5733ED2C-357F-497F-9286-D0CA89724944} = {4E5E9791-AE91-4A55-9B6A-8B86BA4CF3D7}
	EndGlobalSection
	GlobalSection(ExtensibilityGlobals) = postSolution
		SolutionGuid = {0C373409-17F1-4CBB-8800-77B728685199}
	EndGlobalSection
EndGlobal
